
Microsoft Visual Studio Solution File, Format Version 12.00
# Visual Studio Version 17
VisualStudioVersion = 17.6.33717.318
MinimumVisualStudioVersion = 10.0.40219.1
Project("{9A19103F-16F7-4668-BE54-9A1E7A4F7556}") = "ObserverPattern", "ObserverPattern\ObserverPattern.csproj", "{2BB43534-7E12-421C-ACE9-6904A69FEA2F}"
EndProject
Project("{9A19103F-16F7-4668-BE54-9A1E7A4F7556}") = "IObserverIObservable", "IObserverIObservable\IObserverIObservable.csproj", "{6E4D7F70-5691-4F19-BCFB-E09B4CBF8FD4}"
EndProject
Project("{FAE04EC0-301F-11D3-BF4B-00C04F79EFBC}") = "Subject_T_", "Subject_T_\Subject_T_.csproj", "{8A0918F3-D728-4417-9736-0FF0C6205B07}"
EndProject
Project("{2150E333-8FDC-42A3-9474-1A3956D46DE8}") = "Interfaces", "Interfaces", "{175A80E7-524A-4B3C-A1CA-A759B79C7DAA}"
EndProject
Project("{2150E333-8FDC-42A3-9474-1A3956D46DE8}") = "Subject", "Subject", "{ACAD1423-1DC2-4CBC-BB2C-4612305B18BF}"
EndProject
Project("{FAE04EC0-301F-11D3-BF4B-00C04F79EFBC}") = "Unsubscribe", "Unsubscribe\Unsubscribe.csproj", "{E187ACB7-2E84-43D8-B0ED-5EEB123AADCF}"
EndProject
Project("{FAE04EC0-301F-11D3-BF4B-00C04F79EFBC}") = "ProxyAndBroadcast", "ProxyAndBroadcast\ProxyAndBroadcast.csproj", "{5E24AC07-A10E-4BFB-893B-41A98F11CE1F}"
EndProject
Project("{FAE04EC0-301F-11D3-BF4B-00C04F79EFBC}") = "ReplaySubject_T_", "ReplaySubject_T_\ReplaySubject_T_.csproj", "{AE31E149-FD37-4AFF-BB14-445C0AED0CA7}"
EndProject
Project("{FAE04EC0-301F-11D3-BF4B-00C04F79EFBC}") = "BehaviourSubject", "BehaviourSubject\BehaviourSubject.csproj", "{412D0AE4-021A-4C64-AACE-3991F0FBE266}"
EndProject
Project("{FAE04EC0-301F-11D3-BF4B-00C04F79EFBC}") = "AsyncSubject_T_", "AsyncSubject_T_\AsyncSubject_T_.csproj", "{1CF1BB54-3E0F-422C-8B36-37F46642D8C3}"
EndProject
Project("{2150E333-8FDC-42A3-9474-1A3956D46DE8}") = "Sequence Operators", "Sequence Operators", "{35457448-A11B-443D-8091-3907BB22D3DE}"
EndProject
Project("{FAE04EC0-301F-11D3-BF4B-00C04F79EFBC}") = "FactoryMethods", "FactoryMethods\FactoryMethods.csproj", "{5B3A0843-B6C8-40A0-ACF0-6586FE3FE699}"
EndProject
Project("{FAE04EC0-301F-11D3-BF4B-00C04F79EFBC}") = "ObservableDisposeHandling", "ObservableDisposeHandling\ObservableDisposeHandling.csproj", "{331E9171-FB7D-475C-B86B-E40F69C20754}"
EndProject
Project("{FAE04EC0-301F-11D3-BF4B-00C04F79EFBC}") = "SequenceGenerators", "SequenceGenerators\SequenceGenerators.csproj", "{4B385896-1C80-4BB4-BCC5-B9FFAF73B2E3}"
EndProject
Project("{FAE04EC0-301F-11D3-BF4B-00C04F79EFBC}") = "ConvertingIntoObservables", "ConvertingIntoObservables\ConvertingIntoObservables.csproj", "{A25EAEBB-CB0E-466B-882E-8724CFAB63C2}"
EndProject
Project("{FAE04EC0-301F-11D3-BF4B-00C04F79EFBC}") = "SequenceFilters", "SequenceFilters\SequenceFilters.csproj", "{421FCF5B-F1BC-490C-81DB-67FAE5BC2A58}"
EndProject
Project("{FAE04EC0-301F-11D3-BF4B-00C04F79EFBC}") = "SequenceInspection", "SequenceInspection\SequenceInspection.csproj", "{570B98FB-BA73-445A-A21A-E79B8AF66816}"
EndProject
Project("{FAE04EC0-301F-11D3-BF4B-00C04F79EFBC}") = "SequenceInspection_2", "SequenceInspection_2\SequenceInspection_2.csproj", "{6BD00308-78FE-4760-B95D-B31D9FD0B427}"
EndProject
Project("{FAE04EC0-301F-11D3-BF4B-00C04F79EFBC}") = "SequenceTransformation", "SequenceTransformation\SequenceTransformation.csproj", "{7D1B3A2A-F698-4D20-818E-50905A6E2C76}"
EndProject
Project("{FAE04EC0-301F-11D3-BF4B-00C04F79EFBC}") = "SequenceAggregation", "SequenceAggregation\SequenceAggregation.csproj", "{99A4F322-CE6F-4E1E-8A68-81628F692092}"
EndProject
Global
	GlobalSection(SolutionConfigurationPlatforms) = preSolution
		Debug|Any CPU = Debug|Any CPU
		Release|Any CPU = Release|Any CPU
	EndGlobalSection
	GlobalSection(ProjectConfigurationPlatforms) = postSolution
		{2BB43534-7E12-421C-ACE9-6904A69FEA2F}.Debug|Any CPU.ActiveCfg = Debug|Any CPU
		{2BB43534-7E12-421C-ACE9-6904A69FEA2F}.Debug|Any CPU.Build.0 = Debug|Any CPU
		{2BB43534-7E12-421C-ACE9-6904A69FEA2F}.Release|Any CPU.ActiveCfg = Release|Any CPU
		{2BB43534-7E12-421C-ACE9-6904A69FEA2F}.Release|Any CPU.Build.0 = Release|Any CPU
		{6E4D7F70-5691-4F19-BCFB-E09B4CBF8FD4}.Debug|Any CPU.ActiveCfg = Debug|Any CPU
		{6E4D7F70-5691-4F19-BCFB-E09B4CBF8FD4}.Debug|Any CPU.Build.0 = Debug|Any CPU
		{6E4D7F70-5691-4F19-BCFB-E09B4CBF8FD4}.Release|Any CPU.ActiveCfg = Release|Any CPU
		{6E4D7F70-5691-4F19-BCFB-E09B4CBF8FD4}.Release|Any CPU.Build.0 = Release|Any CPU
		{8A0918F3-D728-4417-9736-0FF0C6205B07}.Debug|Any CPU.ActiveCfg = Debug|Any CPU
		{8A0918F3-D728-4417-9736-0FF0C6205B07}.Debug|Any CPU.Build.0 = Debug|Any CPU
		{8A0918F3-D728-4417-9736-0FF0C6205B07}.Release|Any CPU.ActiveCfg = Release|Any CPU
		{8A0918F3-D728-4417-9736-0FF0C6205B07}.Release|Any CPU.Build.0 = Release|Any CPU
		{E187ACB7-2E84-43D8-B0ED-5EEB123AADCF}.Debug|Any CPU.ActiveCfg = Debug|Any CPU
		{E187ACB7-2E84-43D8-B0ED-5EEB123AADCF}.Debug|Any CPU.Build.0 = Debug|Any CPU
		{E187ACB7-2E84-43D8-B0ED-5EEB123AADCF}.Release|Any CPU.ActiveCfg = Release|Any CPU
		{E187ACB7-2E84-43D8-B0ED-5EEB123AADCF}.Release|Any CPU.Build.0 = Release|Any CPU
		{5E24AC07-A10E-4BFB-893B-41A98F11CE1F}.Debug|Any CPU.ActiveCfg = Debug|Any CPU
		{5E24AC07-A10E-4BFB-893B-41A98F11CE1F}.Debug|Any CPU.Build.0 = Debug|Any CPU
		{5E24AC07-A10E-4BFB-893B-41A98F11CE1F}.Release|Any CPU.ActiveCfg = Release|Any CPU
		{5E24AC07-A10E-4BFB-893B-41A98F11CE1F}.Release|Any CPU.Build.0 = Release|Any CPU
		{AE31E149-FD37-4AFF-BB14-445C0AED0CA7}.Debug|Any CPU.ActiveCfg = Debug|Any CPU
		{AE31E149-FD37-4AFF-BB14-445C0AED0CA7}.Debug|Any CPU.Build.0 = Debug|Any CPU
		{AE31E149-FD37-4AFF-BB14-445C0AED0CA7}.Release|Any CPU.ActiveCfg = Release|Any CPU
		{AE31E149-FD37-4AFF-BB14-445C0AED0CA7}.Release|Any CPU.Build.0 = Release|Any CPU
		{412D0AE4-021A-4C64-AACE-3991F0FBE266}.Debug|Any CPU.ActiveCfg = Debug|Any CPU
		{412D0AE4-021A-4C64-AACE-3991F0FBE266}.Debug|Any CPU.Build.0 = Debug|Any CPU
		{412D0AE4-021A-4C64-AACE-3991F0FBE266}.Release|Any CPU.ActiveCfg = Release|Any CPU
		{412D0AE4-021A-4C64-AACE-3991F0FBE266}.Release|Any CPU.Build.0 = Release|Any CPU
		{1CF1BB54-3E0F-422C-8B36-37F46642D8C3}.Debug|Any CPU.ActiveCfg = Debug|Any CPU
		{1CF1BB54-3E0F-422C-8B36-37F46642D8C3}.Debug|Any CPU.Build.0 = Debug|Any CPU
		{1CF1BB54-3E0F-422C-8B36-37F46642D8C3}.Release|Any CPU.ActiveCfg = Release|Any CPU
		{1CF1BB54-3E0F-422C-8B36-37F46642D8C3}.Release|Any CPU.Build.0 = Release|Any CPU
		{5B3A0843-B6C8-40A0-ACF0-6586FE3FE699}.Debug|Any CPU.ActiveCfg = Debug|Any CPU
		{5B3A0843-B6C8-40A0-ACF0-6586FE3FE699}.Debug|Any CPU.Build.0 = Debug|Any CPU
		{5B3A0843-B6C8-40A0-ACF0-6586FE3FE699}.Release|Any CPU.ActiveCfg = Release|Any CPU
		{5B3A0843-B6C8-40A0-ACF0-6586FE3FE699}.Release|Any CPU.Build.0 = Release|Any CPU
		{331E9171-FB7D-475C-B86B-E40F69C20754}.Debug|Any CPU.ActiveCfg = Debug|Any CPU
		{331E9171-FB7D-475C-B86B-E40F69C20754}.Debug|Any CPU.Build.0 = Debug|Any CPU
		{331E9171-FB7D-475C-B86B-E40F69C20754}.Release|Any CPU.ActiveCfg = Release|Any CPU
		{331E9171-FB7D-475C-B86B-E40F69C20754}.Release|Any CPU.Build.0 = Release|Any CPU
		{4B385896-1C80-4BB4-BCC5-B9FFAF73B2E3}.Debug|Any CPU.ActiveCfg = Debug|Any CPU
		{4B385896-1C80-4BB4-BCC5-B9FFAF73B2E3}.Debug|Any CPU.Build.0 = Debug|Any CPU
		{4B385896-1C80-4BB4-BCC5-B9FFAF73B2E3}.Release|Any CPU.ActiveCfg = Release|Any CPU
		{4B385896-1C80-4BB4-BCC5-B9FFAF73B2E3}.Release|Any CPU.Build.0 = Release|Any CPU
		{A25EAEBB-CB0E-466B-882E-8724CFAB63C2}.Debug|Any CPU.ActiveCfg = Debug|Any CPU
		{A25EAEBB-CB0E-466B-882E-8724CFAB63C2}.Debug|Any CPU.Build.0 = Debug|Any CPU
		{A25EAEBB-CB0E-466B-882E-8724CFAB63C2}.Release|Any CPU.ActiveCfg = Release|Any CPU
		{A25EAEBB-CB0E-466B-882E-8724CFAB63C2}.Release|Any CPU.Build.0 = Release|Any CPU
		{421FCF5B-F1BC-490C-81DB-67FAE5BC2A58}.Debug|Any CPU.ActiveCfg = Debug|Any CPU
		{421FCF5B-F1BC-490C-81DB-67FAE5BC2A58}.Debug|Any CPU.Build.0 = Debug|Any CPU
		{421FCF5B-F1BC-490C-81DB-67FAE5BC2A58}.Release|Any CPU.ActiveCfg = Release|Any CPU
		{421FCF5B-F1BC-490C-81DB-67FAE5BC2A58}.Release|Any CPU.Build.0 = Release|Any CPU
		{570B98FB-BA73-445A-A21A-E79B8AF66816}.Debug|Any CPU.ActiveCfg = Debug|Any CPU
		{570B98FB-BA73-445A-A21A-E79B8AF66816}.Debug|Any CPU.Build.0 = Debug|Any CPU
		{570B98FB-BA73-445A-A21A-E79B8AF66816}.Release|Any CPU.ActiveCfg = Release|Any CPU
		{570B98FB-BA73-445A-A21A-E79B8AF66816}.Release|Any CPU.Build.0 = Release|Any CPU
		{6BD00308-78FE-4760-B95D-B31D9FD0B427}.Debug|Any CPU.ActiveCfg = Debug|Any CPU
		{6BD00308-78FE-4760-B95D-B31D9FD0B427}.Debug|Any CPU.Build.0 = Debug|Any CPU
		{6BD00308-78FE-4760-B95D-B31D9FD0B427}.Release|Any CPU.ActiveCfg = Release|Any CPU
		{6BD00308-78FE-4760-B95D-B31D9FD0B427}.Release|Any CPU.Build.0 = Release|Any CPU
		{7D1B3A2A-F698-4D20-818E-50905A6E2C76}.Debug|Any CPU.ActiveCfg = Debug|Any CPU
		{7D1B3A2A-F698-4D20-818E-50905A6E2C76}.Debug|Any CPU.Build.0 = Debug|Any CPU
		{7D1B3A2A-F698-4D20-818E-50905A6E2C76}.Release|Any CPU.ActiveCfg = Release|Any CPU
		{7D1B3A2A-F698-4D20-818E-50905A6E2C76}.Release|Any CPU.Build.0 = Release|Any CPU
		{99A4F322-CE6F-4E1E-8A68-81628F692092}.Debug|Any CPU.ActiveCfg = Debug|Any CPU
		{99A4F322-CE6F-4E1E-8A68-81628F692092}.Debug|Any CPU.Build.0 = Debug|Any CPU
		{99A4F322-CE6F-4E1E-8A68-81628F692092}.Release|Any CPU.ActiveCfg = Release|Any CPU
		{99A4F322-CE6F-4E1E-8A68-81628F692092}.Release|Any CPU.Build.0 = Release|Any CPU
	EndGlobalSection
	GlobalSection(SolutionProperties) = preSolution
		HideSolutionNode = FALSE
	EndGlobalSection
	GlobalSection(NestedProjects) = preSolution
		{2BB43534-7E12-421C-ACE9-6904A69FEA2F} = {175A80E7-524A-4B3C-A1CA-A759B79C7DAA}
		{6E4D7F70-5691-4F19-BCFB-E09B4CBF8FD4} = {175A80E7-524A-4B3C-A1CA-A759B79C7DAA}
		{8A0918F3-D728-4417-9736-0FF0C6205B07} = {ACAD1423-1DC2-4CBC-BB2C-4612305B18BF}
		{E187ACB7-2E84-43D8-B0ED-5EEB123AADCF} = {ACAD1423-1DC2-4CBC-BB2C-4612305B18BF}
		{5E24AC07-A10E-4BFB-893B-41A98F11CE1F} = {ACAD1423-1DC2-4CBC-BB2C-4612305B18BF}
		{AE31E149-FD37-4AFF-BB14-445C0AED0CA7} = {ACAD1423-1DC2-4CBC-BB2C-4612305B18BF}
		{412D0AE4-021A-4C64-AACE-3991F0FBE266} = {ACAD1423-1DC2-4CBC-BB2C-4612305B18BF}
		{1CF1BB54-3E0F-422C-8B36-37F46642D8C3} = {ACAD1423-1DC2-4CBC-BB2C-4612305B18BF}
		{5B3A0843-B6C8-40A0-ACF0-6586FE3FE699} = {35457448-A11B-443D-8091-3907BB22D3DE}
		{331E9171-FB7D-475C-B86B-E40F69C20754} = {35457448-A11B-443D-8091-3907BB22D3DE}
		{4B385896-1C80-4BB4-BCC5-B9FFAF73B2E3} = {35457448-A11B-443D-8091-3907BB22D3DE}
		{A25EAEBB-CB0E-466B-882E-8724CFAB63C2} = {35457448-A11B-443D-8091-3907BB22D3DE}
		{421FCF5B-F1BC-490C-81DB-67FAE5BC2A58} = {35457448-A11B-443D-8091-3907BB22D3DE}
		{570B98FB-BA73-445A-A21A-E79B8AF66816} = {35457448-A11B-443D-8091-3907BB22D3DE}
		{6BD00308-78FE-4760-B95D-B31D9FD0B427} = {35457448-A11B-443D-8091-3907BB22D3DE}
		{7D1B3A2A-F698-4D20-818E-50905A6E2C76} = {35457448-A11B-443D-8091-3907BB22D3DE}
		{99A4F322-CE6F-4E1E-8A68-81628F692092} = {35457448-A11B-443D-8091-3907BB22D3DE}
	EndGlobalSection
	GlobalSection(ExtensibilityGlobals) = postSolution
		SolutionGuid = {EB79E338-1877-4C67-8E5E-CB49677CAD2B}
	EndGlobalSection
EndGlobal
